
Microsoft Visual Studio Solution File, Format Version 12.00
# Visual Studio Version 17
VisualStudioVersion = 17.9.34616.47
MinimumVisualStudioVersion = 10.0.40219.1
Project("{FAE04EC0-301F-11D3-BF4B-00C04F79EFBC}") = "SurveyMicroServices", "SurveyMicroServices\SurveyMicroServices.csproj", "{A51F553C-6607-43B6-AF90-C8283F8545C7}"
EndProject
Global
	GlobalSection(SolutionConfigurationPlatforms) = preSolution
		Debug|Any CPU = Debug|Any CPU
		Release|Any CPU = Release|Any CPU
	EndGlobalSection
	GlobalSection(ProjectConfigurationPlatforms) = postSolution
		{A51F553C-6607-43B6-AF90-C8283F8545C7}.Debug|Any CPU.ActiveCfg = Debug|Any CPU
		{A51F553C-6607-43B6-AF90-C8283F8545C7}.Debug|Any CPU.Build.0 = Debug|Any CPU
		{A51F553C-6607-43B6-AF90-C8283F8545C7}.Release|Any CPU.ActiveCfg = Release|Any CPU
		{A51F553C-6607-43B6-AF90-C8283F8545C7}.Release|Any CPU.Build.0 = Release|Any CPU
	EndGlobalSection
	GlobalSection(SolutionProperties) = preSolution
		HideSolutionNode = FALSE
	EndGlobalSection
	GlobalSection(ExtensibilityGlobals) = postSolution
		SolutionGuid = {F5CAC6FD-9E8D-4975-9256-CDA307189710}
	EndGlobalSection
EndGlobal
